
Microsoft Visual Studio Solution File, Format Version 12.00
# Visual Studio Version 17
VisualStudioVersion = 17.2.32630.192
MinimumVisualStudioVersion = 10.0.40219.1
Project("{FAE04EC0-301F-11D3-BF4B-00C04F79EFBC}") = "DB_INSERT_UPDATE_DELETE", "DB_INSERT_UPDATE_DELETE.csproj", "{D0883F59-2028-49E2-9CD0-9B1BED6DC47E}"
EndProject
Global
	GlobalSection(SolutionConfigurationPlatforms) = preSolution
		Debug|Any CPU = Debug|Any CPU
		Release|Any CPU = Release|Any CPU
	EndGlobalSection
	GlobalSection(ProjectConfigurationPlatforms) = postSolution
		{D0883F59-2028-49E2-9CD0-9B1BED6DC47E}.Debug|Any CPU.ActiveCfg = Debug|Any CPU
		{D0883F59-2028-49E2-9CD0-9B1BED6DC47E}.Debug|Any CPU.Build.0 = Debug|Any CPU
		{D0883F59-2028-49E2-9CD0-9B1BED6DC47E}.Release|Any CPU.ActiveCfg = Release|Any CPU
		{D0883F59-2028-49E2-9CD0-9B1BED6DC47E}.Release|Any CPU.Build.0 = Release|Any CPU
	EndGlobalSection
	GlobalSection(SolutionProperties) = preSolution
		HideSolutionNode = FALSE
	EndGlobalSection
	GlobalSection(ExtensibilityGlobals) = postSolution
		SolutionGuid = {74BB922F-C748-4552-87D9-59FB0E25B999}
	EndGlobalSection
EndGlobal
